
Microsoft Visual Studio Solution File, Format Version 12.00
Project("{FAE04EC0-301F-11D3-BF4B-00C04F79EFBC}") = "SortingAlgorithms", "SortingAlgorithms\SortingAlgorithms.csproj", "{C1D1445D-8E95-42FA-AFB6-A088B66C9C22}"
EndProject
Global
	GlobalSection(SolutionConfigurationPlatforms) = preSolution
		Debug|Any CPU = Debug|Any CPU
		Release|Any CPU = Release|Any CPU
	EndGlobalSection
	GlobalSection(ProjectConfigurationPlatforms) = postSolution
		{C1D1445D-8E95-42FA-AFB6-A088B66C9C22}.Debug|Any CPU.ActiveCfg = Debug|Any CPU
		{C1D1445D-8E95-42FA-AFB6-A088B66C9C22}.Debug|Any CPU.Build.0 = Debug|Any CPU
		{C1D1445D-8E95-42FA-AFB6-A088B66C9C22}.Release|Any CPU.ActiveCfg = Release|Any CPU
		{C1D1445D-8E95-42FA-AFB6-A088B66C9C22}.Release|Any CPU.Build.0 = Release|Any CPU
	EndGlobalSection
EndGlobal
