
Microsoft Visual Studio Solution File, Format Version 12.00
# Visual Studio Version 16
VisualStudioVersion = 16.0.31515.178
MinimumVisualStudioVersion = 10.0.40219.1
Project("{FAE04EC0-301F-11D3-BF4B-00C04F79EFBC}") = "InterfaceIntro", "InterfaceIntro.csproj", "{9E10F1E2-0AEF-4D81-8940-357BAB59E0A3}"
EndProject
Global
	GlobalSection(SolutionConfigurationPlatforms) = preSolution
		Debug|Any CPU = Debug|Any CPU
		Release|Any CPU = Release|Any CPU
	EndGlobalSection
	GlobalSection(ProjectConfigurationPlatforms) = postSolution
		{9E10F1E2-0AEF-4D81-8940-357BAB59E0A3}.Debug|Any CPU.ActiveCfg = Debug|Any CPU
		{9E10F1E2-0AEF-4D81-8940-357BAB59E0A3}.Debug|Any CPU.Build.0 = Debug|Any CPU
		{9E10F1E2-0AEF-4D81-8940-357BAB59E0A3}.Release|Any CPU.ActiveCfg = Release|Any CPU
		{9E10F1E2-0AEF-4D81-8940-357BAB59E0A3}.Release|Any CPU.Build.0 = Release|Any CPU
	EndGlobalSection
	GlobalSection(SolutionProperties) = preSolution
		HideSolutionNode = FALSE
	EndGlobalSection
	GlobalSection(ExtensibilityGlobals) = postSolution
		SolutionGuid = {95B29417-CBC8-4596-8708-1A799C2217B7}
	EndGlobalSection
EndGlobal
