
Microsoft Visual Studio Solution File, Format Version 12.00
Project("{FAE04EC0-301F-11D3-BF4B-00C04F79EFBC}") = "Recursive_WinForms_2", "Recursive_WinForms_2\Recursive_WinForms_2.csproj", "{602A8FBE-0000-4C25-95CA-087705E0F518}"
EndProject
Global
	GlobalSection(SolutionConfigurationPlatforms) = preSolution
		Debug|Any CPU = Debug|Any CPU
		Release|Any CPU = Release|Any CPU
	EndGlobalSection
	GlobalSection(ProjectConfigurationPlatforms) = postSolution
		{602A8FBE-0000-4C25-95CA-087705E0F518}.Debug|Any CPU.ActiveCfg = Debug|Any CPU
		{602A8FBE-0000-4C25-95CA-087705E0F518}.Debug|Any CPU.Build.0 = Debug|Any CPU
		{602A8FBE-0000-4C25-95CA-087705E0F518}.Release|Any CPU.ActiveCfg = Release|Any CPU
		{602A8FBE-0000-4C25-95CA-087705E0F518}.Release|Any CPU.Build.0 = Release|Any CPU
	EndGlobalSection
EndGlobal
