
Microsoft Visual Studio Solution File, Format Version 12.00
# Visual Studio Version 16
VisualStudioVersion = 16.0.31515.178
MinimumVisualStudioVersion = 10.0.40219.1
Project("{FAE04EC0-301F-11D3-BF4B-00C04F79EFBC}") = "ClassesAndLists", "ClassesAndLists.csproj", "{99DD8BD3-12B7-4B88-9C42-1A646696400F}"
EndProject
Global
	GlobalSection(SolutionConfigurationPlatforms) = preSolution
		Debug|Any CPU = Debug|Any CPU
		Release|Any CPU = Release|Any CPU
	EndGlobalSection
	GlobalSection(ProjectConfigurationPlatforms) = postSolution
		{99DD8BD3-12B7-4B88-9C42-1A646696400F}.Debug|Any CPU.ActiveCfg = Debug|Any CPU
		{99DD8BD3-12B7-4B88-9C42-1A646696400F}.Debug|Any CPU.Build.0 = Debug|Any CPU
		{99DD8BD3-12B7-4B88-9C42-1A646696400F}.Release|Any CPU.ActiveCfg = Release|Any CPU
		{99DD8BD3-12B7-4B88-9C42-1A646696400F}.Release|Any CPU.Build.0 = Release|Any CPU
	EndGlobalSection
	GlobalSection(SolutionProperties) = preSolution
		HideSolutionNode = FALSE
	EndGlobalSection
	GlobalSection(ExtensibilityGlobals) = postSolution
		SolutionGuid = {A331A9E2-BD4E-43E1-9CBB-F1F9A2853996}
	EndGlobalSection
EndGlobal
