
Microsoft Visual Studio Solution File, Format Version 12.00
# Visual Studio Version 16
VisualStudioVersion = 16.0.31515.178
MinimumVisualStudioVersion = 10.0.40219.1
Project("{FAE04EC0-301F-11D3-BF4B-00C04F79EFBC}") = "ClassesOOP", "ClassesOOP.csproj", "{B2A59E78-B0A8-4A50-8872-77E5ECF8009D}"
EndProject
Global
	GlobalSection(SolutionConfigurationPlatforms) = preSolution
		Debug|Any CPU = Debug|Any CPU
		Release|Any CPU = Release|Any CPU
	EndGlobalSection
	GlobalSection(ProjectConfigurationPlatforms) = postSolution
		{B2A59E78-B0A8-4A50-8872-77E5ECF8009D}.Debug|Any CPU.ActiveCfg = Debug|Any CPU
		{B2A59E78-B0A8-4A50-8872-77E5ECF8009D}.Debug|Any CPU.Build.0 = Debug|Any CPU
		{B2A59E78-B0A8-4A50-8872-77E5ECF8009D}.Release|Any CPU.ActiveCfg = Release|Any CPU
		{B2A59E78-B0A8-4A50-8872-77E5ECF8009D}.Release|Any CPU.Build.0 = Release|Any CPU
	EndGlobalSection
	GlobalSection(SolutionProperties) = preSolution
		HideSolutionNode = FALSE
	EndGlobalSection
	GlobalSection(ExtensibilityGlobals) = postSolution
		SolutionGuid = {9A8E7273-DCF7-4434-BF12-DD65C8EC7A5D}
	EndGlobalSection
EndGlobal
