
Microsoft Visual Studio Solution File, Format Version 12.00
# Visual Studio Version 16
VisualStudioVersion = 16.0.31515.178
MinimumVisualStudioVersion = 10.0.40219.1
Project("{FAE04EC0-301F-11D3-BF4B-00C04F79EFBC}") = "FlowControl", "FlowControl.csproj", "{92B3BF7F-12A0-43F8-8B8C-8EC4451C5C1B}"
EndProject
Global
	GlobalSection(SolutionConfigurationPlatforms) = preSolution
		Debug|Any CPU = Debug|Any CPU
		Release|Any CPU = Release|Any CPU
	EndGlobalSection
	GlobalSection(ProjectConfigurationPlatforms) = postSolution
		{92B3BF7F-12A0-43F8-8B8C-8EC4451C5C1B}.Debug|Any CPU.ActiveCfg = Debug|Any CPU
		{92B3BF7F-12A0-43F8-8B8C-8EC4451C5C1B}.Debug|Any CPU.Build.0 = Debug|Any CPU
		{92B3BF7F-12A0-43F8-8B8C-8EC4451C5C1B}.Release|Any CPU.ActiveCfg = Release|Any CPU
		{92B3BF7F-12A0-43F8-8B8C-8EC4451C5C1B}.Release|Any CPU.Build.0 = Release|Any CPU
	EndGlobalSection
	GlobalSection(SolutionProperties) = preSolution
		HideSolutionNode = FALSE
	EndGlobalSection
	GlobalSection(ExtensibilityGlobals) = postSolution
		SolutionGuid = {3CEF5158-4D0C-4871-B563-AA47D397B718}
	EndGlobalSection
EndGlobal
